
Microsoft Visual Studio Solution File, Format Version 12.00
# Visual Studio Version 18
VisualStudioVersion = 18.3.11520.95 d18.3
MinimumVisualStudioVersion = 10.0.40219.1
Project("{FAE04EC0-301F-11D3-BF4B-00C04F79EFBC}") = "IWannaPlay", "IWannaPlay.csproj", "{888C80E7-81C2-5F8B-177A-89CBF2D72D1C}"
EndProject
Global
	GlobalSection(SolutionConfigurationPlatforms) = preSolution
		Debug|Any CPU = Debug|Any CPU
		Release|Any CPU = Release|Any CPU
	EndGlobalSection
	GlobalSection(ProjectConfigurationPlatforms) = postSolution
		{888C80E7-81C2-5F8B-177A-89CBF2D72D1C}.Debug|Any CPU.ActiveCfg = Debug|Any CPU
		{888C80E7-81C2-5F8B-177A-89CBF2D72D1C}.Debug|Any CPU.Build.0 = Debug|Any CPU
		{888C80E7-81C2-5F8B-177A-89CBF2D72D1C}.Release|Any CPU.ActiveCfg = Release|Any CPU
		{888C80E7-81C2-5F8B-177A-89CBF2D72D1C}.Release|Any CPU.Build.0 = Release|Any CPU
	EndGlobalSection
	GlobalSection(SolutionProperties) = preSolution
		HideSolutionNode = FALSE
	EndGlobalSection
	GlobalSection(ExtensibilityGlobals) = postSolution
		SolutionGuid = {00FA04E4-62D2-4394-A810-98A504CBC48B}
	EndGlobalSection
EndGlobal
